
Microsoft Visual Studio Solution File, Format Version 12.00
# Visual Studio Version 17
VisualStudioVersion = 17.13.35806.99 d17.13
MinimumVisualStudioVersion = 10.0.40219.1
Project("{FAE04EC0-301F-11D3-BF4B-00C04F79EFBC}") = "StreamerBotSuzume", "StreamerBotSuzume\StreamerBotSuzume.csproj", "{1DEB53F0-9B16-41EF-89D0-EFA5B026A866}"
EndProject
Global
	GlobalSection(SolutionConfigurationPlatforms) = preSolution
		Debug|Any CPU = Debug|Any CPU
		Release|Any CPU = Release|Any CPU
	EndGlobalSection
	GlobalSection(ProjectConfigurationPlatforms) = postSolution
		{1DEB53F0-9B16-41EF-89D0-EFA5B026A866}.Debug|Any CPU.ActiveCfg = Debug|Any CPU
		{1DEB53F0-9B16-41EF-89D0-EFA5B026A866}.Debug|Any CPU.Build.0 = Debug|Any CPU
		{1DEB53F0-9B16-41EF-89D0-EFA5B026A866}.Release|Any CPU.ActiveCfg = Release|Any CPU
		{1DEB53F0-9B16-41EF-89D0-EFA5B026A866}.Release|Any CPU.Build.0 = Release|Any CPU
	EndGlobalSection
	GlobalSection(SolutionProperties) = preSolution
		HideSolutionNode = FALSE
	EndGlobalSection
	GlobalSection(ExtensibilityGlobals) = postSolution
		SolutionGuid = {06DF3744-5B13-49DE-86DF-A3F920A518DB}
	EndGlobalSection
EndGlobal
